<?xml version="1.0" encoding="utf-8"?>
<Project ToolsVersion="4.0" xmlns="http://schemas.microsoft.com/developer/msbuild/2003">
  <ItemGroup>
    <Filter Include="源文件">
      <UniqueIdentifier>{4FC737F1-C7A5-4376-A066-2A32D752A2FF}</UniqueIdentifier>
      <Extensions>cpp;c;cc;cxx;def;odl;idl;hpj;bat;asm;asmx</Extensions>
    </Filter>
    <Filter Include="头文件">
      <UniqueIdentifier>{93995380-89BD-4b04-88EB-625FBE52EBFB}</UniqueIdentifier>
      <Extensions>h;hh;hpp;hxx;hm;inl;inc;xsd</Extensions>
    </Filter>
    <Filter Include="资源文件">
      <UniqueIdentifier>{67DA6AB6-F800-4c08-8B7A-83BB121AAD01}</UniqueIdentifier>
      <Extensions>rc;ico;cur;bmp;dlg;rc2;rct;bin;rgs;gif;jpg;jpeg;jpe;resx;tiff;tif;png;wav;mfcribbon-ms</Extensions>
    </Filter>
    <Filter Include="源文件\lighting">
      <UniqueIdentifier>{ea8f9b08-17ea-4a76-b0be-1e0436d7ab37}</UniqueIdentifier>
    </Filter>
    <Filter Include="源文件\lighting\1.colors">
      <UniqueIdentifier>{bc000990-32b7-4f80-b6f6-87d75fdfa546}</UniqueIdentifier>
    </Filter>
    <Filter Include="源文件\src">
      <UniqueIdentifier>{e30d7d0f-c1b6-44c8-8892-69a49360a907}</UniqueIdentifier>
    </Filter>
  </ItemGroup>
  <ItemGroup>
    <ClCompile Include="helloglfw.cpp">
      <Filter>源文件</Filter>
    </ClCompile>
    <ClCompile Include="shader.cpp">
      <Filter>源文件</Filter>
    </ClCompile>
    <ClCompile Include="texture.cpp">
      <Filter>源文件</Filter>
    </ClCompile>
    <ClCompile Include="transition.cpp">
      <Filter>源文件</Filter>
    </ClCompile>
    <ClCompile Include="lighting\1.colors\colors_scene.cpp">
      <Filter>源文件\lighting\1.colors</Filter>
    </ClCompile>
    <ClCompile Include="src\6.in_practice\2.text_rendering\renderingText.cpp">
      <Filter>源文件\src</Filter>
    </ClCompile>
  </ItemGroup>
</Project>